// !$*UTF8*$!
{
	archiveVersion = 1;
	classes = {
	};
	objectVersion = 48;
	objects = {

/* Begin PBXBuildFile section */
		A0DF07A71FA6656F005BE077 /* AppDelegate.swift in Sources */ = {isa = PBXBuildFile; fileRef = A0DF07A61FA6656F005BE077 /* AppDelegate.swift */; };
		A0DF07A91FA6656F005BE077 /* ViewController.swift in Sources */ = {isa = PBXBuildFile; fileRef = A0DF07A81FA6656F005BE077 /* ViewController.swift */; };
		A0DF07AC1FA6656F005BE077 /* Main.storyboard in Resources */ = {isa = PBXBuildFile; fileRef = A0DF07AA1FA6656F005BE077 /* Main.storyboard */; };
		A0DF07AE1FA6656F005BE077 /* Assets.xcassets in Resources */ = {isa = PBXBuildFile; fileRef = A0DF07AD1FA6656F005BE077 /* Assets.xcassets */; };
		A0DF07B11FA6656F005BE077 /* LaunchScreen.storyboard in Resources */ = {isa = PBXBuildFile; fileRef = A0DF07AF1FA6656F005BE077 /* LaunchScreen.storyboard */; };
/* End PBXBuildFile section */

/* Begin PBXFileReference section */
		A0DF07A31FA6656F005BE077 /* MemeMe2.0.app */ = {isa = PBXFileReference; explicitFileType = wrapper.application; includeInIndex = 0; path = MemeMe2.0.app; sourceTree = BUILT_PRODUCTS_DIR; };
		A0DF07A61FA6656F005BE077 /* AppDelegate.swift */ = {isa = PBXFileReference; lastKnownFileType = sourcecode.swift; path = AppDelegate.swift; sourceTree = "<group>"; };
		A0DF07A81FA6656F005BE077 /* ViewController.swift */ = {isa = PBXFileReference; lastKnownFileType = sourcecode.swift; path = ViewController.swift; sourceTree = "<group>"; };
		A0DF07AB1FA6656F005BE077 /* Base */ = {isa = PBXFileReference; lastKnownFileType = file.storyboard; name = Base; path = Base.lproj/Main.storyboard; sourceTree = "<group>"; };
		A0DF07AD1FA6656F005BE077 /* Assets.xcassets */ = {isa = PBXFileReference; lastKnownFileType = folder.assetcatalog; path = Assets.xcassets; sourceTree = "<group>"; };
		A0DF07B01FA6656F005BE077 /* Base */ = {isa = PBXFileReference; lastKnownFileType = file.storyboard; name = Base; path = Base.lproj/LaunchScreen.storyboard; sourceTree = "<group>"; };
		A0DF07B21FA6656F005BE077 /* Info.plist */ = {isa = PBXFileReference; lastKnownFileType = text.plist.xml; path = Info.plist; sourceTree = "<group>"; };
/* End PBXFileReference section */

/* Begin PBXFrameworksBuildPhase section */
		A0DF07A01FA6656F005BE077 /* Frameworks */ = {
			isa = PBXFrameworksBuildPhase;
			buildActionMask = 2147483647;
			files = (
			);
			runOnlyForDeploymentPostprocessing = 0;
		};
/* End PBXFrameworksBuildPhase section */

/* Begin PBXGroup section */
		A0DF079A1FA6656F005BE077 = {
			isa = PBXGroup;
			children = (
				A0DF07A51FA6656F005BE077 /* MemeMe2.0 */,
				A0DF07A41FA6656F005BE077 /* Products */,
			);
			sourceTree = "<group>";
		};
		A0DF07A41FA6656F005BE077 /* Products */ = {
			isa = PBXGroup;
			children = (
				A0DF07A31FA6656F005BE077 /* MemeMe2.0.app */,
			);
			name = Products;
			sourceTree = "<group>";
		};
		A0DF07A51FA6656F005BE077 /* MemeMe2.0 */ = {
			isa = PBXGroup;
			children = (
				A0DF07A61FA6656F005BE077 /* AppDelegate.swift */,
				A0DF07A81FA6656F005BE077 /* ViewController.swift */,
				A0DF07AA1FA6656F005BE077 /* Main.storyboard */,
				A0DF07AD1FA6656F005BE077 /* Assets.xcassets */,
				A0DF07AF1FA6656F005BE077 /* LaunchScreen.storyboard */,
				A0DF07B21FA6656F005BE077 /* Info.plist */,
			);
			path = MemeMe2.0;
			sourceTree = "<group>";
		};
/* End PBXGroup section */

/* Begin PBXNativeTarget section */
		A0DF07A21FA6656F005BE077 /* MemeMe2.0 */ = {
			isa = PBXNativeTarget;
			buildConfigurationList = A0DF07B51FA6656F005BE077 /* Build configuration list for PBXNativeTarget "MemeMe2.0" */;
			buildPhases = (
				A0DF079F1FA6656F005BE077 /* Sources */,
				A0DF07A01FA6656F005BE077 /* Frameworks */,
				A0DF07A11FA6656F005BE077 /* Resources */,
			);
			buildRules = (
			);
			dependencies = (
			);
			name = MemeMe2.0;
			productName = MemeMe2.0;
			productReference = A0DF07A31FA6656F005BE077 /* MemeMe2.0.app */;
			productType = "com.apple.product-type.application";
		};
/* End PBXNativeTarget section */

/* Begin PBXProject section */
		A0DF079B1FA6656F005BE077 /* Project object */ = {
			isa = PBXProject;
			attributes = {
				LastSwiftUpdateCheck = 0900;
				LastUpgradeCheck = 0900;
				ORGANIZATIONNAME = "Vaibhav Sahu";
				TargetAttributes = {
					A0DF07A21FA6656F005BE077 = {
						CreatedOnToolsVersion = 9.0.1;
						ProvisioningStyle = Automatic;
					};
				};
			};
			buildConfigurationList = A0DF079E1FA6656F005BE077 /* Build configuration list for PBXProject "MemeMe2.0" */;
			compatibilityVersion = "Xcode 8.0";
			developmentRegion = en;
			hasScannedForEncodings = 0;
			knownRegions = (
				en,
				Base,
			);
			mainGroup = A0DF079A1FA6656F005BE077;
			productRefGroup = A0DF07A41FA6656F005BE077 /* Products */;
			projectDirPath = "";
			projectRoot = "";
			targets = (
				A0DF07A21FA6656F005BE077 /* MemeMe2.0 */,
			);
		};
/* End PBXProject section */

/* Begin PBXResourcesBuildPhase section */
		A0DF07A11FA6656F005BE077 /* Resources */ = {
			isa = PBXResourcesBuildPhase;
			buildActionMask = 2147483647;
			files = (
				A0DF07B11FA6656F005BE077 /* LaunchScreen.storyboard in Resources */,
				A0DF07AE1FA6656F005BE077 /* Assets.xcassets in Resources */,
				A0DF07AC1FA6656F005BE077 /* Main.storyboard in Resources */,
			);
			runOnlyForDeploymentPostprocessing = 0;
		};
/* End PBXResourcesBuildPhase section */

/* Begin PBXSourcesBuildPhase section */
		A0DF079F1FA6656F005BE077 /* Sources */ = {
			isa = PBXSourcesBuildPhase;
			buildActionMask = 2147483647;
			files = (
				A0DF07A91FA6656F005BE077 /* ViewController.swift in Sources */,
				A0DF07A71FA6656F005BE077 /* AppDelegate.swift in Sources */,
			);
			runOnlyForDeploymentPostprocessing = 0;
		};
/* End PBXSourcesBuildPhase section */

/* Begin PBXVariantGroup section */
		A0DF07AA1FA6656F005BE077 /* Main.storyboard */ = {
			isa = PBXVariantGroup;
			children = (
				A0DF07AB1FA6656F005BE077 /* Base */,
			);
			name = Main.storyboard;
			sourceTree = "<group>";
		};
		A0DF07AF1FA6656F005BE077 /* LaunchScreen.storyboard */ = {
			isa = PBXVariantGroup;
			children = (
				A0DF07B01FA6656F005BE077 /* Base */,
			);
			name = LaunchScreen.storyboard;
			sourceTree = "<group>";
		};
/* End PBXVariantGroup section */

/* Begin XCBuildConfiguration section */
		A0DF07B31FA6656F005BE077 /* Debug */ = {
			isa = XCBuildConfiguration;
			buildSettings = {
				ALWAYS_SEARCH_USER_PATHS = NO;
				CLANG_ANALYZER_NONNULL = YES;
				CLANG_ANALYZER_NUMBER_OBJECT_CONVERSION = YES_AGGRESSIVE;
				CLANG_CXX_LANGUAGE_STANDARD = "gnu++14";
				CLANG_CXX_LIBRARY = "libc++";
				CLANG_ENABLE_MODULES = YES;
				CLANG_ENABLE_OBJC_ARC = YES;
				CLANG_WARN_BLOCK_CAPTURE_AUTORELEASING = YES;
				CLANG_WARN_BOOL_CONVERSION = YES;
				CLANG_WARN_COMMA = YES;
				CLANG_WARN_CONSTANT_CONVERSION = YES;
				CLANG_WARN_DIRECT_OBJC_ISA_USAGE = YES_ERROR;
				CLANG_WARN_DOCUMENTATION_COMMENTS = YES;
				CLANG_WARN_EMPTY_BODY = YES;
				CLANG_WARN_ENUM_CONVERSION = YES;
				CLANG_WARN_INFINITE_RECURSION = YES;
				CLANG_WARN_INT_CONVERSION = YES;
				CLANG_WARN_NON_LITERAL_NULL_CONVERSION = YES;
				CLANG_WARN_OBJC_LITERAL_CONVERSION = YES;
				CLANG_WARN_OBJC_ROOT_CLASS = YES_ERROR;
				CLANG_WARN_RANGE_LOOP_ANALYSIS = YES;
				CLANG_WARN_STRICT_PROTOTYPES = YES;
				CLANG_WARN_SUSPICIOUS_MOVE = YES;
				CLANG_WARN_UNGUARDED_AVAILABILITY = YES_AGGRESSIVE;
				CLANG_WARN_UNREACHABLE_CODE = YES;
				CLANG_WARN__DUPLICATE_METHOD_MATCH = YES;
				CODE_SIGN_IDENTITY = "iPhone Developer";
				COPY_PHASE_STRIP = NO;
				DEBUG_INFORMATION_FORMAT = dwarf;
				ENABLE_STRICT_OBJC_MSGSEND = YES;
				ENABLE_TESTABILITY = YES;
				GCC_C_LANGUAGE_STANDARD = gnu11;
				GCC_DYNAMIC_NO_PIC = NO;
				GCC_NO_COMMON_BLOCKS = YES;
				GCC_OPTIMIZATION_LEVEL = 0;
				GCC_PREPROCESSOR_DEFINITIONS = (
					"DEBUG=1",
					"$(inherited)",
				);
				GCC_WARN_64_TO_32_BIT_CONVERSION = YES;
				GCC_WARN_ABOUT_RETURN_TYPE = YES_ERROR;
				GCC_WARN_UNDECLARED_SELECTOR = YES;
				GCC_WARN_UNINITIALIZED_AUTOS = YES_AGGRESSIVE;
				GCC_WARN_UNUSED_FUNCTION = YES;
				GCC_WARN_UNUSED_VARIABLE = YES;
				IPHONEOS_DEPLOYMENT_TARGET = 11.0;
				MTL_ENABLE_DEBUG_INFO = YES;
				ONLY_ACTIVE_ARCH = YES;
				SDKROOT = iphoneos;
				SWIFT_ACTIVE_COMPILATION_CONDITIONS = DEBUG;
				SWIFT_OPTIMIZATION_LEVEL = "-Onone";
			};
			name = Debug;
		};
		A0DF07B41FA6656F005BE077 /* Release */ = {
			isa = XCBuildConfiguration;
			buildSettings = {
				ALWAYS_SEARCH_USER_PATHS = NO;
				CLANG_ANALYZER_NONNULL = YES;
				CLANG_ANALYZER_NUMBER_OBJECT_CONVERSION = YES_AGGRESSIVE;
				CLANG_CXX_LANGUAGE_STANDARD = "gnu++14";
				CLANG_CXX_LIBRARY = "libc++";
				CLANG_ENABLE_MODULES = YES;
				CLANG_ENABLE_OBJC_ARC = YES;
				CLANG_WARN_BLOCK_CAPTURE_AUTORELEASING = YES;
				CLANG_WARN_BOOL_CONVERSION = YES;
				CLANG_WARN_COMMA = YES;
				CLANG_WARN_CONSTANT_CONVERSION = YES;
				CLANG_WARN_DIRECT_OBJC_ISA_USAGE = YES_ERROR;
				CLANG_WARN_DOCUMENTATION_COMMENTS = YES;
				CLANG_WARN_EMPTY_BODY = YES;
				CLANG_WARN_ENUM_CONVERSION = YES;
				CLANG_WARN_INFINITE_RECURSION = YES;
				CLANG_WARN_INT_CONVERSION = YES;
				CLANG_WARN_NON_LITERAL_NULL_CONVERSION = YES;
				CLANG_WARN_OBJC_LITERAL_CONVERSION = YES;
				CLANG_WARN_OBJC_ROOT_CLASS = YES_ERROR;
				CLANG_WARN_RANGE_LOOP_ANALYSIS = YES;
				CLANG_WARN_STRICT_PROTOTYPES = YES;
				CLANG_WARN_SUSPICIOUS_MOVE = YES;
				CLANG_WARN_UNGUARDED_AVAILABILITY = YES_AGGRESSIVE;
				CLANG_WARN_UNREACHABLE_CODE = YES;
				CLANG_WARN__DUPLICATE_METHOD_MATCH = YES;
				CODE_SIGN_IDENTITY = "iPhone Developer";
				COPY_PHASE_STRIP = NO;
				DEBUG_INFORMATION_FORMAT = "dwarf-with-dsym";
				ENABLE_NS_ASSERTIONS = NO;
				ENABLE_STRICT_OBJC_MSGSEND = YES;
				GCC_C_LANGUAGE_STANDARD = gnu11;
				GCC_NO_COMMON_BLOCKS = YES;
				GCC_WARN_64_TO_32_BIT_CONVERSION = YES;
				GCC_WARN_ABOUT_RETURN_TYPE = YES_ERROR;
				GCC_WARN_UNDECLARED_SELECTOR = YES;
				GCC_WARN_UNINITIALIZED_AUTOS = YES_AGGRESSIVE;
				GCC_WARN_UNUSED_FUNCTION = YES;
				GCC_WARN_UNUSED_VARIABLE = YES;
				IPHONEOS_DEPLOYMENT_TARGET = 11.0;
				MTL_ENABLE_DEBUG_INFO = NO;
				SDKROOT = iphoneos;
				SWIFT_OPTIMIZATION_LEVEL = "-Owholemodule";
				VALIDATE_PRODUCT = YES;
			};
			name = Release;
		};
		A0DF07B61FA6656F005BE077 /* Debug */ = {
			isa = XCBuildConfiguration;
			buildSettings = {
				ASSETCATALOG_COMPILER_APPICON_NAME = AppIcon;
				CODE_SIGN_STYLE = Automatic;
				DEVELOPMENT_TEAM = ZNHVX883YW;
				INFOPLIST_FILE = MemeMe2.0/Info.plist;
				LD_RUNPATH_SEARCH_PATHS = "$(inherited) @executable_path/Frameworks";
				PRODUCT_BUNDLE_IDENTIFIER = "Vaibhav.MemeMe2-0";
				PRODUCT_NAME = "$(TARGET_NAME)";
				SWIFT_VERSION = 4.0;
				TARGETED_DEVICE_FAMILY = "1,2";
			};
			name = Debug;
		};
		A0DF07B71FA6656F005BE077 /* Release */ = {
			isa = XCBuildConfiguration;
			buildSettings = {
				ASSETCATALOG_COMPILER_APPICON_NAME = AppIcon;
				CODE_SIGN_STYLE = Automatic;
				DEVELOPMENT_TEAM = ZNHVX883YW;
				INFOPLIST_FILE = MemeMe2.0/Info.plist;
				LD_RUNPATH_SEARCH_PATHS = "$(inherited) @executable_path/Frameworks";
				PRODUCT_BUNDLE_IDENTIFIER = "Vaibhav.MemeMe2-0";
				PRODUCT_NAME = "$(TARGET_NAME)";
				SWIFT_VERSION = 4.0;
				TARGETED_DEVICE_FAMILY = "1,2";
			};
			name = Release;
		};
/* End XCBuildConfiguration section */

/* Begin XCConfigurationList section */
		A0DF079E1FA6656F005BE077 /* Build configuration list for PBXProject "MemeMe2.0" */ = {
			isa = XCConfigurationList;
			buildConfigurations = (
				A0DF07B31FA6656F005BE077 /* Debug */,
				A0DF07B41FA6656F005BE077 /* Release */,
			);
			defaultConfigurationIsVisible = 0;
			defaultConfigurationName = Release;
		};
		A0DF07B51FA6656F005BE077 /* Build configuration list for PBXNativeTarget "MemeMe2.0" */ = {
			isa = XCConfigurationList;
			buildConfigurations = (
				A0DF07B61FA6656F005BE077 /* Debug */,
				A0DF07B71FA6656F005BE077 /* Release */,
			);
			defaultConfigurationIsVisible = 0;
			defaultConfigurationName = Release;
		};
/* End XCConfigurationList section */
	};
	rootObject = A0DF079B1FA6656F005BE077 /* Project object */;
}
